
Microsoft Visual Studio Solution File, Format Version 12.00
# Visual Studio 15
VisualStudioVersion = 15.0.26403.3
MinimumVisualStudioVersion = 10.0.40219.1
Project("{FAE04EC0-301F-11D3-BF4B-00C04F79EFBC}") = "Calculator", "Calculator\Calculator.csproj", "{3C8EA37B-EC27-4FCC-B564-156ADDEEE627}"
EndProject
Project("{8BC9CEB8-8B4A-11D0-8D11-00A0C91BC942}") = "AddDLL", "AddDLL\AddDLL.vcxproj", "{EB8FFA20-2DE4-4D76-8C68-3FBCF1858FEC}"
EndProject
Project("{8BC9CEB8-8B4A-11D0-8D11-00A0C91BC942}") = "SubDLL", "SubDLL\SubDLL.vcxproj", "{1E7A9573-04BB-44A1-810A-D35A6F62DD3F}"
EndProject
Project("{8BC9CEB8-8B4A-11D0-8D11-00A0C91BC942}") = "MulitDLL", "MulitDLL\MulitDLL.vcxproj", "{61AA935C-B894-4555-BEA4-F7025F906F28}"
EndProject
Project("{8BC9CEB8-8B4A-11D0-8D11-00A0C91BC942}") = "DivDLL", "DivDLL\DivDLL.vcxproj", "{20FBA2C5-23FD-464A-990E-8D71D1045CE9}"
EndProject
Global
	GlobalSection(SolutionConfigurationPlatforms) = preSolution
		Debug|Any CPU = Debug|Any CPU
		Debug|x64 = Debug|x64
		Debug|x86 = Debug|x86
		Release|Any CPU = Release|Any CPU
		Release|x64 = Release|x64
		Release|x86 = Release|x86
	EndGlobalSection
	GlobalSection(ProjectConfigurationPlatforms) = postSolution
		{3C8EA37B-EC27-4FCC-B564-156ADDEEE627}.Debug|Any CPU.ActiveCfg = Debug|Any CPU
		{3C8EA37B-EC27-4FCC-B564-156ADDEEE627}.Debug|Any CPU.Build.0 = Debug|Any CPU
		{3C8EA37B-EC27-4FCC-B564-156ADDEEE627}.Debug|x64.ActiveCfg = Debug|Any CPU
		{3C8EA37B-EC27-4FCC-B564-156ADDEEE627}.Debug|x64.Build.0 = Debug|Any CPU
		{3C8EA37B-EC27-4FCC-B564-156ADDEEE627}.Debug|x86.ActiveCfg = Debug|Any CPU
		{3C8EA37B-EC27-4FCC-B564-156ADDEEE627}.Debug|x86.Build.0 = Debug|Any CPU
		{3C8EA37B-EC27-4FCC-B564-156ADDEEE627}.Release|Any CPU.ActiveCfg = Release|Any CPU
		{3C8EA37B-EC27-4FCC-B564-156ADDEEE627}.Release|Any CPU.Build.0 = Release|Any CPU
		{3C8EA37B-EC27-4FCC-B564-156ADDEEE627}.Release|x64.ActiveCfg = Release|Any CPU
		{3C8EA37B-EC27-4FCC-B564-156ADDEEE627}.Release|x64.Build.0 = Release|Any CPU
		{3C8EA37B-EC27-4FCC-B564-156ADDEEE627}.Release|x86.ActiveCfg = Release|Any CPU
		{3C8EA37B-EC27-4FCC-B564-156ADDEEE627}.Release|x86.Build.0 = Release|Any CPU
		{EB8FFA20-2DE4-4D76-8C68-3FBCF1858FEC}.Debug|Any CPU.ActiveCfg = Debug|Win32
		{EB8FFA20-2DE4-4D76-8C68-3FBCF1858FEC}.Debug|x64.ActiveCfg = Debug|x64
		{EB8FFA20-2DE4-4D76-8C68-3FBCF1858FEC}.Debug|x64.Build.0 = Debug|x64
		{EB8FFA20-2DE4-4D76-8C68-3FBCF1858FEC}.Debug|x86.ActiveCfg = Debug|Win32
		{EB8FFA20-2DE4-4D76-8C68-3FBCF1858FEC}.Debug|x86.Build.0 = Debug|Win32
		{EB8FFA20-2DE4-4D76-8C68-3FBCF1858FEC}.Release|Any CPU.ActiveCfg = Release|Win32
		{EB8FFA20-2DE4-4D76-8C68-3FBCF1858FEC}.Release|x64.ActiveCfg = Release|x64
		{EB8FFA20-2DE4-4D76-8C68-3FBCF1858FEC}.Release|x64.Build.0 = Release|x64
		{EB8FFA20-2DE4-4D76-8C68-3FBCF1858FEC}.Release|x86.ActiveCfg = Release|Win32
		{EB8FFA20-2DE4-4D76-8C68-3FBCF1858FEC}.Release|x86.Build.0 = Release|Win32
		{1E7A9573-04BB-44A1-810A-D35A6F62DD3F}.Debug|Any CPU.ActiveCfg = Debug|Win32
		{1E7A9573-04BB-44A1-810A-D35A6F62DD3F}.Debug|x64.ActiveCfg = Debug|x64
		{1E7A9573-04BB-44A1-810A-D35A6F62DD3F}.Debug|x64.Build.0 = Debug|x64
		{1E7A9573-04BB-44A1-810A-D35A6F62DD3F}.Debug|x86.ActiveCfg = Debug|Win32
		{1E7A9573-04BB-44A1-810A-D35A6F62DD3F}.Debug|x86.Build.0 = Debug|Win32
		{1E7A9573-04BB-44A1-810A-D35A6F62DD3F}.Release|Any CPU.ActiveCfg = Release|Win32
		{1E7A9573-04BB-44A1-810A-D35A6F62DD3F}.Release|x64.ActiveCfg = Release|x64
		{1E7A9573-04BB-44A1-810A-D35A6F62DD3F}.Release|x64.Build.0 = Release|x64
		{1E7A9573-04BB-44A1-810A-D35A6F62DD3F}.Release|x86.ActiveCfg = Release|Win32
		{1E7A9573-04BB-44A1-810A-D35A6F62DD3F}.Release|x86.Build.0 = Release|Win32
		{61AA935C-B894-4555-BEA4-F7025F906F28}.Debug|Any CPU.ActiveCfg = Debug|Win32
		{61AA935C-B894-4555-BEA4-F7025F906F28}.Debug|x64.ActiveCfg = Debug|x64
		{61AA935C-B894-4555-BEA4-F7025F906F28}.Debug|x64.Build.0 = Debug|x64
		{61AA935C-B894-4555-BEA4-F7025F906F28}.Debug|x86.ActiveCfg = Debug|Win32
		{61AA935C-B894-4555-BEA4-F7025F906F28}.Debug|x86.Build.0 = Debug|Win32
		{61AA935C-B894-4555-BEA4-F7025F906F28}.Release|Any CPU.ActiveCfg = Release|Win32
		{61AA935C-B894-4555-BEA4-F7025F906F28}.Release|x64.ActiveCfg = Release|x64
		{61AA935C-B894-4555-BEA4-F7025F906F28}.Release|x64.Build.0 = Release|x64
		{61AA935C-B894-4555-BEA4-F7025F906F28}.Release|x86.ActiveCfg = Release|Win32
		{61AA935C-B894-4555-BEA4-F7025F906F28}.Release|x86.Build.0 = Release|Win32
		{20FBA2C5-23FD-464A-990E-8D71D1045CE9}.Debug|Any CPU.ActiveCfg = Debug|Win32
		{20FBA2C5-23FD-464A-990E-8D71D1045CE9}.Debug|x64.ActiveCfg = Debug|x64
		{20FBA2C5-23FD-464A-990E-8D71D1045CE9}.Debug|x64.Build.0 = Debug|x64
		{20FBA2C5-23FD-464A-990E-8D71D1045CE9}.Debug|x86.ActiveCfg = Debug|Win32
		{20FBA2C5-23FD-464A-990E-8D71D1045CE9}.Debug|x86.Build.0 = Debug|Win32
		{20FBA2C5-23FD-464A-990E-8D71D1045CE9}.Release|Any CPU.ActiveCfg = Release|Win32
		{20FBA2C5-23FD-464A-990E-8D71D1045CE9}.Release|x64.ActiveCfg = Release|x64
		{20FBA2C5-23FD-464A-990E-8D71D1045CE9}.Release|x64.Build.0 = Release|x64
		{20FBA2C5-23FD-464A-990E-8D71D1045CE9}.Release|x86.ActiveCfg = Release|Win32
		{20FBA2C5-23FD-464A-990E-8D71D1045CE9}.Release|x86.Build.0 = Release|Win32
	EndGlobalSection
	GlobalSection(SolutionProperties) = preSolution
		HideSolutionNode = FALSE
	EndGlobalSection
	GlobalSection(ExtensibilityGlobals) = postSolution
		SolutionGuid = {78969BD2-C233-4BBE-B71D-AC0DAC6D5933}
	EndGlobalSection
EndGlobal
